
Microsoft Visual Studio Solution File, Format Version 12.00
# Visual Studio Version 16
VisualStudioVersion = 16.0.30907.101
MinimumVisualStudioVersion = 10.0.40219.1
Project("{FAE04EC0-301F-11D3-BF4B-00C04F79EFBC}") = "BCHinterface", "BCHinterface.csproj", "{CC1BA54C-D0DC-4E04-BE23-54785B4CAC77}"
EndProject
Project("{2150E333-8FDC-42A3-9474-1A3956D46DE8}") = "interface", "interface", "{92106BB6-577E-42AA-8F42-A026352A04FC}"
EndProject
Project("{2150E333-8FDC-42A3-9474-1A3956D46DE8}") = "blockchain", "blockchain", "{37D3E132-81D7-4C1A-B1FF-BF62F8BA7700}"
EndProject
Project("{888888A0-9F3D-457C-B088-3A5042F75D52}") = "blockchain", "..\blockchain\blockchain.pyproj", "{5C142ACA-3BC1-44EB-9F2E-4B01F594C583}"
EndProject
Global
	GlobalSection(SolutionConfigurationPlatforms) = preSolution
		Debug|Any CPU = Debug|Any CPU
		Release|Any CPU = Release|Any CPU
	EndGlobalSection
	GlobalSection(ProjectConfigurationPlatforms) = postSolution
		{CC1BA54C-D0DC-4E04-BE23-54785B4CAC77}.Debug|Any CPU.ActiveCfg = Debug|Any CPU
		{CC1BA54C-D0DC-4E04-BE23-54785B4CAC77}.Debug|Any CPU.Build.0 = Debug|Any CPU
		{CC1BA54C-D0DC-4E04-BE23-54785B4CAC77}.Release|Any CPU.ActiveCfg = Release|Any CPU
		{CC1BA54C-D0DC-4E04-BE23-54785B4CAC77}.Release|Any CPU.Build.0 = Release|Any CPU
		{5C142ACA-3BC1-44EB-9F2E-4B01F594C583}.Debug|Any CPU.ActiveCfg = Debug|Any CPU
		{5C142ACA-3BC1-44EB-9F2E-4B01F594C583}.Release|Any CPU.ActiveCfg = Release|Any CPU
	EndGlobalSection
	GlobalSection(SolutionProperties) = preSolution
		HideSolutionNode = FALSE
	EndGlobalSection
	GlobalSection(NestedProjects) = preSolution
		{CC1BA54C-D0DC-4E04-BE23-54785B4CAC77} = {92106BB6-577E-42AA-8F42-A026352A04FC}
		{5C142ACA-3BC1-44EB-9F2E-4B01F594C583} = {37D3E132-81D7-4C1A-B1FF-BF62F8BA7700}
	EndGlobalSection
	GlobalSection(ExtensibilityGlobals) = postSolution
		SolutionGuid = {EB34E39A-9087-4332-9AE8-C411CD6F1186}
	EndGlobalSection
EndGlobal
